
Microsoft Visual Studio Solution File, Format Version 12.00
# Visual Studio 2012
Project("{FAE04EC0-301F-11D3-BF4B-00C04F79EFBC}") = "CogDox", "CogDox\CogDox.csproj", "{7CE58ED8-89FE-4AEE-BFDD-8E36B6539FB6}"
EndProject
Project("{FAE04EC0-301F-11D3-BF4B-00C04F79EFBC}") = "CogDox.Core", "CogDox.Core\CogDox.Core.csproj", "{96D91B26-D3BB-4BF2-B80B-ABAED975270C}"
EndProject
Project("{FAE04EC0-301F-11D3-BF4B-00C04F79EFBC}") = "CogDox.ITSM", "CogDox.ITSM\CogDox.ITSM.csproj", "{E531538C-EA30-460F-9773-10AF82F1E73A}"
EndProject
Project("{FAE04EC0-301F-11D3-BF4B-00C04F79EFBC}") = "Testing", "Testing\Testing.csproj", "{8CB8E263-A750-4D62-AE7C-EB5C942E7F44}"
EndProject
Project("{2150E333-8FDC-42A3-9474-1A3956D46DE8}") = ".nuget", ".nuget", "{F05D1DDD-80B9-4AC5-9CBA-34ECF563F140}"
	ProjectSection(SolutionItems) = preProject
		.nuget\NuGet.Config = .nuget\NuGet.Config
		.nuget\NuGet.exe = .nuget\NuGet.exe
		.nuget\NuGet.targets = .nuget\NuGet.targets
	EndProjectSection
EndProject
Project("{FAE04EC0-301F-11D3-BF4B-00C04F79EFBC}") = "CogDox.Website", "CogDox.Website\CogDox.Website.csproj", "{B4F9C525-5C56-440E-B4C2-972A33D7C8CD}"
EndProject
Global
	GlobalSection(SolutionConfigurationPlatforms) = preSolution
		Debug|Any CPU = Debug|Any CPU
		Release|Any CPU = Release|Any CPU
	EndGlobalSection
	GlobalSection(ProjectConfigurationPlatforms) = postSolution
		{7CE58ED8-89FE-4AEE-BFDD-8E36B6539FB6}.Debug|Any CPU.ActiveCfg = Debug|Any CPU
		{7CE58ED8-89FE-4AEE-BFDD-8E36B6539FB6}.Debug|Any CPU.Build.0 = Debug|Any CPU
		{7CE58ED8-89FE-4AEE-BFDD-8E36B6539FB6}.Release|Any CPU.ActiveCfg = Release|Any CPU
		{7CE58ED8-89FE-4AEE-BFDD-8E36B6539FB6}.Release|Any CPU.Build.0 = Release|Any CPU
		{96D91B26-D3BB-4BF2-B80B-ABAED975270C}.Debug|Any CPU.ActiveCfg = Debug|Any CPU
		{96D91B26-D3BB-4BF2-B80B-ABAED975270C}.Debug|Any CPU.Build.0 = Debug|Any CPU
		{96D91B26-D3BB-4BF2-B80B-ABAED975270C}.Release|Any CPU.ActiveCfg = Release|Any CPU
		{96D91B26-D3BB-4BF2-B80B-ABAED975270C}.Release|Any CPU.Build.0 = Release|Any CPU
		{E531538C-EA30-460F-9773-10AF82F1E73A}.Debug|Any CPU.ActiveCfg = Debug|Any CPU
		{E531538C-EA30-460F-9773-10AF82F1E73A}.Debug|Any CPU.Build.0 = Debug|Any CPU
		{E531538C-EA30-460F-9773-10AF82F1E73A}.Release|Any CPU.ActiveCfg = Release|Any CPU
		{E531538C-EA30-460F-9773-10AF82F1E73A}.Release|Any CPU.Build.0 = Release|Any CPU
		{8CB8E263-A750-4D62-AE7C-EB5C942E7F44}.Debug|Any CPU.ActiveCfg = Debug|Any CPU
		{8CB8E263-A750-4D62-AE7C-EB5C942E7F44}.Debug|Any CPU.Build.0 = Debug|Any CPU
		{8CB8E263-A750-4D62-AE7C-EB5C942E7F44}.Release|Any CPU.ActiveCfg = Release|Any CPU
		{8CB8E263-A750-4D62-AE7C-EB5C942E7F44}.Release|Any CPU.Build.0 = Release|Any CPU
		{B4F9C525-5C56-440E-B4C2-972A33D7C8CD}.Debug|Any CPU.ActiveCfg = Debug|Any CPU
		{B4F9C525-5C56-440E-B4C2-972A33D7C8CD}.Debug|Any CPU.Build.0 = Debug|Any CPU
		{B4F9C525-5C56-440E-B4C2-972A33D7C8CD}.Release|Any CPU.ActiveCfg = Release|Any CPU
		{B4F9C525-5C56-440E-B4C2-972A33D7C8CD}.Release|Any CPU.Build.0 = Release|Any CPU
	EndGlobalSection
	GlobalSection(SolutionProperties) = preSolution
		HideSolutionNode = FALSE
	EndGlobalSection
EndGlobal
